{
  "name": "skintel-marketing-video",
  "version": "1.0.0",
  "lockfileVersion": 3,
  "requires": true,
  "packages": {
    "": {
      "name": "skintel-marketing-video",
      "version": "1.0.0",
      "dependencies": {
        "@fontsource/dm-sans": "^5.3.0",
        "@fontsource/instrument-serif": "^5.3.0",
        "playwright": "^1.62.1"
      }
    },
    "node_modules/@fontsource/dm-sans": {
      "version": "5.3.0",
      "resolved": "https://registry.npmjs.org/@fontsource/dm-sans/-/dm-sans-5.3.0.tgz",
      "integrity": "sha512-lYJtMXXO28q1z+yz+z8XKd0s4hXaa9QdkETzkyD760sidCv5heI86weYA0sx0Nc4pAMAQTUuyf4gO44cYKKS9g==",
      "license": "OFL-1.1",
      "funding": {
        "url": "https://github.com/sponsors/ayuhito"
      }
    },
    "node_modules/@fontsource/instrument-serif": {
      "version": "5.3.0",
      "resolved": "https://registry.npmjs.org/@fontsource/instrument-serif/-/instrument-serif-5.3.0.tgz",
      "integrity": "sha512-mDiaIg0u67sYV59fie92Wz4sM8UiVlbL7fLxnFPCKkX15DMASEnQTREbaP5S5/3DCcsoAOcQ0sV9E4AeY4QqYQ==",
      "license": "OFL-1.1",
      "funding": {
        "url": "https://github.com/sponsors/ayuhito"
      }
    },
    "node_modules/fsevents": {
      "version": "2.3.2",
      "resolved": "https://registry.npmjs.org/fsevents/-/fsevents-2.3.2.tgz",
      "integrity": "sha512-xiqMQR4xAeHTuB9uWm+fFRcIOgKBMiOBP+eXiyT7jsgVCq1bkVygt00oASowB7EdtpOHaaPgKt812P9ab+DDKA==",
      "hasInstallScript": true,
      "license": "MIT",
      "optional": true,
      "os": [
        "darwin"
      ],
      "engines": {
        "node": "^8.16.0 || ^10.6.0 || >=11.0.0"
      }
    },
    "node_modules/playwright": {
      "version": "1.62.1",
      "resolved": "https://registry.npmjs.org/playwright/-/playwright-1.62.1.tgz",
      "integrity": "sha512-0M+L3LAD8/nm554LOla9Ayx0j0tmFZ0FBcoQ7F1VuVHpM/XpiC8RcDzBQB8W5+hA8L22THxELzeF+2WcUzvcLg==",
      "license": "Apache-2.0",
      "dependencies": {
        "playwright-core": "1.62.1"
      },
      "bin": {
        "playwright": "cli.js"
      },
      "engines": {
        "node": ">=20"
      },
      "optionalDependencies": {
        "fsevents": "2.3.2"
      }
    },
    "node_modules/playwright-core": {
      "version": "1.62.1",
      "resolved": "https://registry.npmjs.org/playwright-core/-/playwright-core-1.62.1.tgz",
      "integrity": "sha512-wPYSwEBJY9GHraISXqyqtx0na0LpO3XEX7jNDhntbex7tzUS7kLnZsOlFruFJB4Hi/rhDMjXGqHewDZ68nYZVw==",
      "license": "Apache-2.0",
      "bin": {
        "playwright-core": "cli.js"
      },
      "engines": {
        "node": ">=20"
      }
    }
  }
}
